
Microsoft Visual Studio Solution File, Format Version 12.00
# Visual Studio Version 17
VisualStudioVersion = 17.7.34031.279
MinimumVisualStudioVersion = 10.0.40219.1
Project("{FAE04EC0-301F-11D3-BF4B-00C04F79EFBC}") = "OopMethods", "OopMethods\OopMethods.csproj", "{EF7132CA-35FD-4179-95A2-6D8C38C28936}"
EndProject
Global
	GlobalSection(SolutionConfigurationPlatforms) = preSolution
		Debug|Any CPU = Debug|Any CPU
		Release|Any CPU = Release|Any CPU
	EndGlobalSection
	GlobalSection(ProjectConfigurationPlatforms) = postSolution
		{EF7132CA-35FD-4179-95A2-6D8C38C28936}.Debug|Any CPU.ActiveCfg = Debug|Any CPU
		{EF7132CA-35FD-4179-95A2-6D8C38C28936}.Debug|Any CPU.Build.0 = Debug|Any CPU
		{EF7132CA-35FD-4179-95A2-6D8C38C28936}.Release|Any CPU.ActiveCfg = Release|Any CPU
		{EF7132CA-35FD-4179-95A2-6D8C38C28936}.Release|Any CPU.Build.0 = Release|Any CPU
	EndGlobalSection
	GlobalSection(SolutionProperties) = preSolution
		HideSolutionNode = FALSE
	EndGlobalSection
	GlobalSection(ExtensibilityGlobals) = postSolution
		SolutionGuid = {B7F4B058-8030-4993-A92B-CE175E6ACB6D}
	EndGlobalSection
EndGlobal
